
Microsoft Visual Studio Solution File, Format Version 12.00
# Visual Studio Version 17
VisualStudioVersion = 17.4.33213.308
MinimumVisualStudioVersion = 10.0.40219.1
Project("{9A19103F-16F7-4668-BE54-9A1E7A4F7556}") = "SFY-Word-Book", "SFY-Word-Book\SFY-Word-Book.csproj", "{4CCA0CC0-329A-40E5-8EE6-EEA9B61B80D4}"
EndProject
Project("{FAE04EC0-301F-11D3-BF4B-00C04F79EFBC}") = "ModuleA", "ModuleA\ModuleA.csproj", "{FBA0DE98-6DE1-4124-B5F5-578E7DC96B92}"
EndProject
Project("{FAE04EC0-301F-11D3-BF4B-00C04F79EFBC}") = "ModuleB", "ModuleB\ModuleB.csproj", "{F401CA0B-BBC2-48BA-A192-771D3D0C94DA}"
EndProject
Global
	GlobalSection(SolutionConfigurationPlatforms) = preSolution
		Debug|Any CPU = Debug|Any CPU
		Release|Any CPU = Release|Any CPU
	EndGlobalSection
	GlobalSection(ProjectConfigurationPlatforms) = postSolution
		{4CCA0CC0-329A-40E5-8EE6-EEA9B61B80D4}.Debug|Any CPU.ActiveCfg = Debug|Any CPU
		{4CCA0CC0-329A-40E5-8EE6-EEA9B61B80D4}.Debug|Any CPU.Build.0 = Debug|Any CPU
		{4CCA0CC0-329A-40E5-8EE6-EEA9B61B80D4}.Release|Any CPU.ActiveCfg = Release|Any CPU
		{4CCA0CC0-329A-40E5-8EE6-EEA9B61B80D4}.Release|Any CPU.Build.0 = Release|Any CPU
		{FBA0DE98-6DE1-4124-B5F5-578E7DC96B92}.Debug|Any CPU.ActiveCfg = Debug|Any CPU
		{FBA0DE98-6DE1-4124-B5F5-578E7DC96B92}.Debug|Any CPU.Build.0 = Debug|Any CPU
		{FBA0DE98-6DE1-4124-B5F5-578E7DC96B92}.Release|Any CPU.ActiveCfg = Release|Any CPU
		{FBA0DE98-6DE1-4124-B5F5-578E7DC96B92}.Release|Any CPU.Build.0 = Release|Any CPU
		{F401CA0B-BBC2-48BA-A192-771D3D0C94DA}.Debug|Any CPU.ActiveCfg = Debug|Any CPU
		{F401CA0B-BBC2-48BA-A192-771D3D0C94DA}.Debug|Any CPU.Build.0 = Debug|Any CPU
		{F401CA0B-BBC2-48BA-A192-771D3D0C94DA}.Release|Any CPU.ActiveCfg = Release|Any CPU
		{F401CA0B-BBC2-48BA-A192-771D3D0C94DA}.Release|Any CPU.Build.0 = Release|Any CPU
	EndGlobalSection
	GlobalSection(SolutionProperties) = preSolution
		HideSolutionNode = FALSE
	EndGlobalSection
	GlobalSection(ExtensibilityGlobals) = postSolution
		SolutionGuid = {40D3AB23-F26B-4568-83D8-35E205C07D4E}
	EndGlobalSection
EndGlobal
