
Microsoft Visual Studio Solution File, Format Version 12.00
# Visual Studio Version 17
VisualStudioVersion = 17.4.33213.308
MinimumVisualStudioVersion = 10.0.40219.1
Project("{FAE04EC0-301F-11D3-BF4B-00C04F79EFBC}") = "SFY-Word-Book", "SFY-Word-Book\SFY-Word-Book.csproj", "{A5BCB6DA-ED6B-460C-B4C8-60E012795FC4}"
EndProject
Project("{FAE04EC0-301F-11D3-BF4B-00C04F79EFBC}") = "SFY-Word-Book.API", "SFY-Word-Book.API\SFY-Word-Book.API.csproj", "{E4CD4D63-6C93-41AE-AF2A-28898F0237D4}"
EndProject
Global
	GlobalSection(SolutionConfigurationPlatforms) = preSolution
		Debug|Any CPU = Debug|Any CPU
		Release|Any CPU = Release|Any CPU
	EndGlobalSection
	GlobalSection(ProjectConfigurationPlatforms) = postSolution
		{A5BCB6DA-ED6B-460C-B4C8-60E012795FC4}.Debug|Any CPU.ActiveCfg = Debug|Any CPU
		{A5BCB6DA-ED6B-460C-B4C8-60E012795FC4}.Debug|Any CPU.Build.0 = Debug|Any CPU
		{A5BCB6DA-ED6B-460C-B4C8-60E012795FC4}.Release|Any CPU.ActiveCfg = Release|Any CPU
		{A5BCB6DA-ED6B-460C-B4C8-60E012795FC4}.Release|Any CPU.Build.0 = Release|Any CPU
		{E4CD4D63-6C93-41AE-AF2A-28898F0237D4}.Debug|Any CPU.ActiveCfg = Debug|Any CPU
		{E4CD4D63-6C93-41AE-AF2A-28898F0237D4}.Debug|Any CPU.Build.0 = Debug|Any CPU
		{E4CD4D63-6C93-41AE-AF2A-28898F0237D4}.Release|Any CPU.ActiveCfg = Release|Any CPU
		{E4CD4D63-6C93-41AE-AF2A-28898F0237D4}.Release|Any CPU.Build.0 = Release|Any CPU
	EndGlobalSection
	GlobalSection(SolutionProperties) = preSolution
		HideSolutionNode = FALSE
	EndGlobalSection
	GlobalSection(ExtensibilityGlobals) = postSolution
		SolutionGuid = {40D3AB23-F26B-4568-83D8-35E205C07D4E}
	EndGlobalSection
EndGlobal
